
Microsoft Visual Studio Solution File, Format Version 12.00
# Visual Studio Version 17
VisualStudioVersion = 17.0.32126.317
MinimumVisualStudioVersion = 10.0.40219.1
Project("{9A19103F-16F7-4668-BE54-9A1E7A4F7556}") = "Exercicio1", "Exercicio1.csproj", "{C2803D2E-6E0F-4986-A6B4-FB2CC87A1DEF}"
EndProject
Project("{9A19103F-16F7-4668-BE54-9A1E7A4F7556}") = "Exercicio2", "..\Exercicio2\Exercicio2.csproj", "{D483A00A-4EA0-471E-9C03-0CDA124CAFB9}"
EndProject
Project("{9A19103F-16F7-4668-BE54-9A1E7A4F7556}") = "Exercicio3", "..\Exercicio3\Exercicio3.csproj", "{10B2CF73-5E7C-4885-A3B6-85F555040491}"
EndProject
Project("{9A19103F-16F7-4668-BE54-9A1E7A4F7556}") = "Exercicio4", "..\Exercicio4\Exercicio4.csproj", "{6DCC034E-2C30-47AD-AB47-4FEF6F687B89}"
EndProject
Project("{9A19103F-16F7-4668-BE54-9A1E7A4F7556}") = "Aula2", "..\Aula2\Aula2.csproj", "{DE3A69D1-BE18-4DB1-B45C-311799C6B222}"
EndProject
Project("{9A19103F-16F7-4668-BE54-9A1E7A4F7556}") = "exercicio5", "..\exercicio5\exercicio5.csproj", "{93E64086-0996-45FF-9717-595977C5AC9A}"
EndProject
Project("{9A19103F-16F7-4668-BE54-9A1E7A4F7556}") = "exercicio6", "..\exercicio6\exercicio6.csproj", "{765724EF-8B31-4F7A-BD4F-B42411E65BF8}"
EndProject
Project("{FAE04EC0-301F-11D3-BF4B-00C04F79EFBC}") = "Exercicio7", "..\Exercicio7\Exercicio7.csproj", "{87336EBA-F8EE-4C52-BBCC-10024642DEB1}"
EndProject
Global
	GlobalSection(SolutionConfigurationPlatforms) = preSolution
		Debug|Any CPU = Debug|Any CPU
		Release|Any CPU = Release|Any CPU
	EndGlobalSection
	GlobalSection(ProjectConfigurationPlatforms) = postSolution
		{C2803D2E-6E0F-4986-A6B4-FB2CC87A1DEF}.Debug|Any CPU.ActiveCfg = Debug|Any CPU
		{C2803D2E-6E0F-4986-A6B4-FB2CC87A1DEF}.Debug|Any CPU.Build.0 = Debug|Any CPU
		{C2803D2E-6E0F-4986-A6B4-FB2CC87A1DEF}.Release|Any CPU.ActiveCfg = Release|Any CPU
		{C2803D2E-6E0F-4986-A6B4-FB2CC87A1DEF}.Release|Any CPU.Build.0 = Release|Any CPU
		{D483A00A-4EA0-471E-9C03-0CDA124CAFB9}.Debug|Any CPU.ActiveCfg = Debug|Any CPU
		{D483A00A-4EA0-471E-9C03-0CDA124CAFB9}.Debug|Any CPU.Build.0 = Debug|Any CPU
		{D483A00A-4EA0-471E-9C03-0CDA124CAFB9}.Release|Any CPU.ActiveCfg = Release|Any CPU
		{D483A00A-4EA0-471E-9C03-0CDA124CAFB9}.Release|Any CPU.Build.0 = Release|Any CPU
		{10B2CF73-5E7C-4885-A3B6-85F555040491}.Debug|Any CPU.ActiveCfg = Debug|Any CPU
		{10B2CF73-5E7C-4885-A3B6-85F555040491}.Debug|Any CPU.Build.0 = Debug|Any CPU
		{10B2CF73-5E7C-4885-A3B6-85F555040491}.Release|Any CPU.ActiveCfg = Release|Any CPU
		{10B2CF73-5E7C-4885-A3B6-85F555040491}.Release|Any CPU.Build.0 = Release|Any CPU
		{6DCC034E-2C30-47AD-AB47-4FEF6F687B89}.Debug|Any CPU.ActiveCfg = Debug|Any CPU
		{6DCC034E-2C30-47AD-AB47-4FEF6F687B89}.Debug|Any CPU.Build.0 = Debug|Any CPU
		{6DCC034E-2C30-47AD-AB47-4FEF6F687B89}.Release|Any CPU.ActiveCfg = Release|Any CPU
		{6DCC034E-2C30-47AD-AB47-4FEF6F687B89}.Release|Any CPU.Build.0 = Release|Any CPU
		{DE3A69D1-BE18-4DB1-B45C-311799C6B222}.Debug|Any CPU.ActiveCfg = Debug|Any CPU
		{DE3A69D1-BE18-4DB1-B45C-311799C6B222}.Debug|Any CPU.Build.0 = Debug|Any CPU
		{DE3A69D1-BE18-4DB1-B45C-311799C6B222}.Release|Any CPU.ActiveCfg = Release|Any CPU
		{DE3A69D1-BE18-4DB1-B45C-311799C6B222}.Release|Any CPU.Build.0 = Release|Any CPU
		{93E64086-0996-45FF-9717-595977C5AC9A}.Debug|Any CPU.ActiveCfg = Debug|Any CPU
		{93E64086-0996-45FF-9717-595977C5AC9A}.Debug|Any CPU.Build.0 = Debug|Any CPU
		{93E64086-0996-45FF-9717-595977C5AC9A}.Release|Any CPU.ActiveCfg = Release|Any CPU
		{93E64086-0996-45FF-9717-595977C5AC9A}.Release|Any CPU.Build.0 = Release|Any CPU
		{765724EF-8B31-4F7A-BD4F-B42411E65BF8}.Debug|Any CPU.ActiveCfg = Debug|Any CPU
		{765724EF-8B31-4F7A-BD4F-B42411E65BF8}.Debug|Any CPU.Build.0 = Debug|Any CPU
		{765724EF-8B31-4F7A-BD4F-B42411E65BF8}.Release|Any CPU.ActiveCfg = Release|Any CPU
		{765724EF-8B31-4F7A-BD4F-B42411E65BF8}.Release|Any CPU.Build.0 = Release|Any CPU
		{87336EBA-F8EE-4C52-BBCC-10024642DEB1}.Debug|Any CPU.ActiveCfg = Debug|Any CPU
		{87336EBA-F8EE-4C52-BBCC-10024642DEB1}.Debug|Any CPU.Build.0 = Debug|Any CPU
		{87336EBA-F8EE-4C52-BBCC-10024642DEB1}.Release|Any CPU.ActiveCfg = Release|Any CPU
		{87336EBA-F8EE-4C52-BBCC-10024642DEB1}.Release|Any CPU.Build.0 = Release|Any CPU
	EndGlobalSection
	GlobalSection(SolutionProperties) = preSolution
		HideSolutionNode = FALSE
	EndGlobalSection
	GlobalSection(ExtensibilityGlobals) = postSolution
		SolutionGuid = {2E36793C-9A33-4B8A-8DA2-444BEF26B788}
	EndGlobalSection
EndGlobal
